// !$*UTF8*$!
{
	archiveVersion = 1;
	classes = {
	};
	objectVersion = 46;
	objects = {

/* Begin PBXBuildFile section */
		C2EE62C319849ACC009B6093 /* Foundation.framework in Frameworks */ = {isa = PBXBuildFile; fileRef = C2EE62C219849ACC009B6093 /* Foundation.framework */; };
		C2EE62C519849ACC009B6093 /* CoreGraphics.framework in Frameworks */ = {isa = PBXBuildFile; fileRef = C2EE62C419849ACC009B6093 /* CoreGraphics.framework */; };
		C2EE62C719849ACC009B6093 /* UIKit.framework in Frameworks */ = {isa = PBXBuildFile; fileRef = C2EE62C619849ACC009B6093 /* UIKit.framework */; };
		C2EE62CD19849ACC009B6093 /* InfoPlist.strings in Resources */ = {isa = PBXBuildFile; fileRef = C2EE62CB19849ACC009B6093 /* InfoPlist.strings */; };
		C2EE62CF19849ACC009B6093 /* main.m in Sources */ = {isa = PBXBuildFile; fileRef = C2EE62CE19849ACC009B6093 /* main.m */; };
		C2EE62D319849ACC009B6093 /* MGDAppDelegate.m in Sources */ = {isa = PBXBuildFile; fileRef = C2EE62D219849ACC009B6093 /* MGDAppDelegate.m */; };
		C2EE62D619849ACC009B6093 /* Main_iPhone.storyboard in Resources */ = {isa = PBXBuildFile; fileRef = C2EE62D419849ACC009B6093 /* Main_iPhone.storyboard */; };
		C2EE62D919849ACC009B6093 /* Main_iPad.storyboard in Resources */ = {isa = PBXBuildFile; fileRef = C2EE62D719849ACC009B6093 /* Main_iPad.storyboard */; };
		C2EE62DC19849ACC009B6093 /* MGDViewController.m in Sources */ = {isa = PBXBuildFile; fileRef = C2EE62DB19849ACC009B6093 /* MGDViewController.m */; };
		C2EE62DE19849ACC009B6093 /* Images.xcassets in Resources */ = {isa = PBXBuildFile; fileRef = C2EE62DD19849ACC009B6093 /* Images.xcassets */; };
		C2EE62E519849ACC009B6093 /* XCTest.framework in Frameworks */ = {isa = PBXBuildFile; fileRef = C2EE62E419849ACC009B6093 /* XCTest.framework */; };
		C2EE62E619849ACC009B6093 /* Foundation.framework in Frameworks */ = {isa = PBXBuildFile; fileRef = C2EE62C219849ACC009B6093 /* Foundation.framework */; };
		C2EE62E719849ACC009B6093 /* UIKit.framework in Frameworks */ = {isa = PBXBuildFile; fileRef = C2EE62C619849ACC009B6093 /* UIKit.framework */; };
		C2EE62EF19849ACC009B6093 /* InfoPlist.strings in Resources */ = {isa = PBXBuildFile; fileRef = C2EE62ED19849ACC009B6093 /* InfoPlist.strings */; };
		C2EE62F119849ACC009B6093 /* BlockMemoryCheckerTests.m in Sources */ = {isa = PBXBuildFile; fileRef = C2EE62F019849ACC009B6093 /* BlockMemoryCheckerTests.m */; };
/* End PBXBuildFile section */

/* Begin PBXContainerItemProxy section */
		C2EE62E819849ACC009B6093 /* PBXContainerItemProxy */ = {
			isa = PBXContainerItemProxy;
			containerPortal = C2EE62B719849ACC009B6093 /* Project object */;
			proxyType = 1;
			remoteGlobalIDString = C2EE62BE19849ACC009B6093;
			remoteInfo = BlockMemoryChecker;
		};
/* End PBXContainerItemProxy section */

/* Begin PBXFileReference section */
		C2EE62BF19849ACC009B6093 /* BlockMemoryChecker.app */ = {isa = PBXFileReference; explicitFileType = wrapper.application; includeInIndex = 0; path = BlockMemoryChecker.app; sourceTree = BUILT_PRODUCTS_DIR; };
		C2EE62C219849ACC009B6093 /* Foundation.framework */ = {isa = PBXFileReference; lastKnownFileType = wrapper.framework; name = Foundation.framework; path = System/Library/Frameworks/Foundation.framework; sourceTree = SDKROOT; };
		C2EE62C419849ACC009B6093 /* CoreGraphics.framework */ = {isa = PBXFileReference; lastKnownFileType = wrapper.framework; name = CoreGraphics.framework; path = System/Library/Frameworks/CoreGraphics.framework; sourceTree = SDKROOT; };
		C2EE62C619849ACC009B6093 /* UIKit.framework */ = {isa = PBXFileReference; lastKnownFileType = wrapper.framework; name = UIKit.framework; path = System/Library/Frameworks/UIKit.framework; sourceTree = SDKROOT; };
		C2EE62CA19849ACC009B6093 /* BlockMemoryChecker-Info.plist */ = {isa = PBXFileReference; lastKnownFileType = text.plist.xml; path = "BlockMemoryChecker-Info.plist"; sourceTree = "<group>"; };
		C2EE62CC19849ACC009B6093 /* en */ = {isa = PBXFileReference; lastKnownFileType = text.plist.strings; name = en; path = en.lproj/InfoPlist.strings; sourceTree = "<group>"; };
		C2EE62CE19849ACC009B6093 /* main.m */ = {isa = PBXFileReference; lastKnownFileType = sourcecode.c.objc; path = main.m; sourceTree = "<group>"; };
		C2EE62D019849ACC009B6093 /* BlockMemoryChecker-Prefix.pch */ = {isa = PBXFileReference; lastKnownFileType = sourcecode.c.h; path = "BlockMemoryChecker-Prefix.pch"; sourceTree = "<group>"; };
		C2EE62D119849ACC009B6093 /* MGDAppDelegate.h */ = {isa = PBXFileReference; lastKnownFileType = sourcecode.c.h; path = MGDAppDelegate.h; sourceTree = "<group>"; };
		C2EE62D219849ACC009B6093 /* MGDAppDelegate.m */ = {isa = PBXFileReference; lastKnownFileType = sourcecode.c.objc; path = MGDAppDelegate.m; sourceTree = "<group>"; };
		C2EE62D519849ACC009B6093 /* Base */ = {isa = PBXFileReference; lastKnownFileType = file.storyboard; name = Base; path = Base.lproj/Main_iPhone.storyboard; sourceTree = "<group>"; };
		C2EE62D819849ACC009B6093 /* Base */ = {isa = PBXFileReference; lastKnownFileType = file.storyboard; name = Base; path = Base.lproj/Main_iPad.storyboard; sourceTree = "<group>"; };
		C2EE62DA19849ACC009B6093 /* MGDViewController.h */ = {isa = PBXFileReference; lastKnownFileType = sourcecode.c.h; path = MGDViewController.h; sourceTree = "<group>"; };
		C2EE62DB19849ACC009B6093 /* MGDViewController.m */ = {isa = PBXFileReference; lastKnownFileType = sourcecode.c.objc; path = MGDViewController.m; sourceTree = "<group>"; };
		C2EE62DD19849ACC009B6093 /* Images.xcassets */ = {isa = PBXFileReference; lastKnownFileType = folder.assetcatalog; path = Images.xcassets; sourceTree = "<group>"; };
		C2EE62E319849ACC009B6093 /* BlockMemoryCheckerTests.xctest */ = {isa = PBXFileReference; explicitFileType = wrapper.cfbundle; includeInIndex = 0; path = BlockMemoryCheckerTests.xctest; sourceTree = BUILT_PRODUCTS_DIR; };
		C2EE62E419849ACC009B6093 /* XCTest.framework */ = {isa = PBXFileReference; lastKnownFileType = wrapper.framework; name = XCTest.framework; path = Library/Frameworks/XCTest.framework; sourceTree = DEVELOPER_DIR; };
		C2EE62EC19849ACC009B6093 /* BlockMemoryCheckerTests-Info.plist */ = {isa = PBXFileReference; lastKnownFileType = text.plist.xml; path = "BlockMemoryCheckerTests-Info.plist"; sourceTree = "<group>"; };
		C2EE62EE19849ACC009B6093 /* en */ = {isa = PBXFileReference; lastKnownFileType = text.plist.strings; name = en; path = en.lproj/InfoPlist.strings; sourceTree = "<group>"; };
		C2EE62F019849ACC009B6093 /* BlockMemoryCheckerTests.m */ = {isa = PBXFileReference; lastKnownFileType = sourcecode.c.objc; path = BlockMemoryCheckerTests.m; sourceTree = "<group>"; };
/* End PBXFileReference section */

/* Begin PBXFrameworksBuildPhase section */
		C2EE62BC19849ACC009B6093 /* Frameworks */ = {
			isa = PBXFrameworksBuildPhase;
			buildActionMask = 2147483647;
			files = (
				C2EE62C519849ACC009B6093 /* CoreGraphics.framework in Frameworks */,
				C2EE62C719849ACC009B6093 /* UIKit.framework in Frameworks */,
				C2EE62C319849ACC009B6093 /* Foundation.framework in Frameworks */,
			);
			runOnlyForDeploymentPostprocessing = 0;
		};
		C2EE62E019849ACC009B6093 /* Frameworks */ = {
			isa = PBXFrameworksBuildPhase;
			buildActionMask = 2147483647;
			files = (
				C2EE62E519849ACC009B6093 /* XCTest.framework in Frameworks */,
				C2EE62E719849ACC009B6093 /* UIKit.framework in Frameworks */,
				C2EE62E619849ACC009B6093 /* Foundation.framework in Frameworks */,
			);
			runOnlyForDeploymentPostprocessing = 0;
		};
/* End PBXFrameworksBuildPhase section */

/* Begin PBXGroup section */
		C2EE62B619849ACC009B6093 = {
			isa = PBXGroup;
			children = (
				C2EE62C819849ACC009B6093 /* BlockMemoryChecker */,
				C2EE62EA19849ACC009B6093 /* BlockMemoryCheckerTests */,
				C2EE62C119849ACC009B6093 /* Frameworks */,
				C2EE62C019849ACC009B6093 /* Products */,
			);
			sourceTree = "<group>";
		};
		C2EE62C019849ACC009B6093 /* Products */ = {
			isa = PBXGroup;
			children = (
				C2EE62BF19849ACC009B6093 /* BlockMemoryChecker.app */,
				C2EE62E319849ACC009B6093 /* BlockMemoryCheckerTests.xctest */,
			);
			name = Products;
			sourceTree = "<group>";
		};
		C2EE62C119849ACC009B6093 /* Frameworks */ = {
			isa = PBXGroup;
			children = (
				C2EE62C219849ACC009B6093 /* Foundation.framework */,
				C2EE62C419849ACC009B6093 /* CoreGraphics.framework */,
				C2EE62C619849ACC009B6093 /* UIKit.framework */,
				C2EE62E419849ACC009B6093 /* XCTest.framework */,
			);
			name = Frameworks;
			sourceTree = "<group>";
		};
		C2EE62C819849ACC009B6093 /* BlockMemoryChecker */ = {
			isa = PBXGroup;
			children = (
				C2EE62D119849ACC009B6093 /* MGDAppDelegate.h */,
				C2EE62D219849ACC009B6093 /* MGDAppDelegate.m */,
				C2EE62D419849ACC009B6093 /* Main_iPhone.storyboard */,
				C2EE62D719849ACC009B6093 /* Main_iPad.storyboard */,
				C2EE62DA19849ACC009B6093 /* MGDViewController.h */,
				C2EE62DB19849ACC009B6093 /* MGDViewController.m */,
				C2EE62DD19849ACC009B6093 /* Images.xcassets */,
				C2EE62C919849ACC009B6093 /* Supporting Files */,
			);
			path = BlockMemoryChecker;
			sourceTree = "<group>";
		};
		C2EE62C919849ACC009B6093 /* Supporting Files */ = {
			isa = PBXGroup;
			children = (
				C2EE62CA19849ACC009B6093 /* BlockMemoryChecker-Info.plist */,
				C2EE62CB19849ACC009B6093 /* InfoPlist.strings */,
				C2EE62CE19849ACC009B6093 /* main.m */,
				C2EE62D019849ACC009B6093 /* BlockMemoryChecker-Prefix.pch */,
			);
			name = "Supporting Files";
			sourceTree = "<group>";
		};
		C2EE62EA19849ACC009B6093 /* BlockMemoryCheckerTests */ = {
			isa = PBXGroup;
			children = (
				C2EE62F019849ACC009B6093 /* BlockMemoryCheckerTests.m */,
				C2EE62EB19849ACC009B6093 /* Supporting Files */,
			);
			path = BlockMemoryCheckerTests;
			sourceTree = "<group>";
		};
		C2EE62EB19849ACC009B6093 /* Supporting Files */ = {
			isa = PBXGroup;
			children = (
				C2EE62EC19849ACC009B6093 /* BlockMemoryCheckerTests-Info.plist */,
				C2EE62ED19849ACC009B6093 /* InfoPlist.strings */,
			);
			name = "Supporting Files";
			sourceTree = "<group>";
		};
/* End PBXGroup section */

/* Begin PBXNativeTarget section */
		C2EE62BE19849ACC009B6093 /* BlockMemoryChecker */ = {
			isa = PBXNativeTarget;
			buildConfigurationList = C2EE62F419849ACC009B6093 /* Build configuration list for PBXNativeTarget "BlockMemoryChecker" */;
			buildPhases = (
				C2EE62BB19849ACC009B6093 /* Sources */,
				C2EE62BC19849ACC009B6093 /* Frameworks */,
				C2EE62BD19849ACC009B6093 /* Resources */,
			);
			buildRules = (
			);
			dependencies = (
			);
			name = BlockMemoryChecker;
			productName = BlockMemoryChecker;
			productReference = C2EE62BF19849ACC009B6093 /* BlockMemoryChecker.app */;
			productType = "com.apple.product-type.application";
		};
		C2EE62E219849ACC009B6093 /* BlockMemoryCheckerTests */ = {
			isa = PBXNativeTarget;
			buildConfigurationList = C2EE62F719849ACC009B6093 /* Build configuration list for PBXNativeTarget "BlockMemoryCheckerTests" */;
			buildPhases = (
				C2EE62DF19849ACC009B6093 /* Sources */,
				C2EE62E019849ACC009B6093 /* Frameworks */,
				C2EE62E119849ACC009B6093 /* Resources */,
			);
			buildRules = (
			);
			dependencies = (
				C2EE62E919849ACC009B6093 /* PBXTargetDependency */,
			);
			name = BlockMemoryCheckerTests;
			productName = BlockMemoryCheckerTests;
			productReference = C2EE62E319849ACC009B6093 /* BlockMemoryCheckerTests.xctest */;
			productType = "com.apple.product-type.bundle.unit-test";
		};
/* End PBXNativeTarget section */

/* Begin PBXProject section */
		C2EE62B719849ACC009B6093 /* Project object */ = {
			isa = PBXProject;
			attributes = {
				CLASSPREFIX = MGD;
				LastUpgradeCheck = 0510;
				ORGANIZATIONNAME = "Morphosis Games";
				TargetAttributes = {
					C2EE62E219849ACC009B6093 = {
						TestTargetID = C2EE62BE19849ACC009B6093;
					};
				};
			};
			buildConfigurationList = C2EE62BA19849ACC009B6093 /* Build configuration list for PBXProject "BlockMemoryChecker" */;
			compatibilityVersion = "Xcode 3.2";
			developmentRegion = English;
			hasScannedForEncodings = 0;
			knownRegions = (
				en,
				Base,
			);
			mainGroup = C2EE62B619849ACC009B6093;
			productRefGroup = C2EE62C019849ACC009B6093 /* Products */;
			projectDirPath = "";
			projectRoot = "";
			targets = (
				C2EE62BE19849ACC009B6093 /* BlockMemoryChecker */,
				C2EE62E219849ACC009B6093 /* BlockMemoryCheckerTests */,
			);
		};
/* End PBXProject section */

/* Begin PBXResourcesBuildPhase section */
		C2EE62BD19849ACC009B6093 /* Resources */ = {
			isa = PBXResourcesBuildPhase;
			buildActionMask = 2147483647;
			files = (
				C2EE62D919849ACC009B6093 /* Main_iPad.storyboard in Resources */,
				C2EE62DE19849ACC009B6093 /* Images.xcassets in Resources */,
				C2EE62D619849ACC009B6093 /* Main_iPhone.storyboard in Resources */,
				C2EE62CD19849ACC009B6093 /* InfoPlist.strings in Resources */,
			);
			runOnlyForDeploymentPostprocessing = 0;
		};
		C2EE62E119849ACC009B6093 /* Resources */ = {
			isa = PBXResourcesBuildPhase;
			buildActionMask = 2147483647;
			files = (
				C2EE62EF19849ACC009B6093 /* InfoPlist.strings in Resources */,
			);
			runOnlyForDeploymentPostprocessing = 0;
		};
/* End PBXResourcesBuildPhase section */

/* Begin PBXSourcesBuildPhase section */
		C2EE62BB19849ACC009B6093 /* Sources */ = {
			isa = PBXSourcesBuildPhase;
			buildActionMask = 2147483647;
			files = (
				C2EE62CF19849ACC009B6093 /* main.m in Sources */,
				C2EE62D319849ACC009B6093 /* MGDAppDelegate.m in Sources */,
				C2EE62DC19849ACC009B6093 /* MGDViewController.m in Sources */,
			);
			runOnlyForDeploymentPostprocessing = 0;
		};
		C2EE62DF19849ACC009B6093 /* Sources */ = {
			isa = PBXSourcesBuildPhase;
			buildActionMask = 2147483647;
			files = (
				C2EE62F119849ACC009B6093 /* BlockMemoryCheckerTests.m in Sources */,
			);
			runOnlyForDeploymentPostprocessing = 0;
		};
/* End PBXSourcesBuildPhase section */

/* Begin PBXTargetDependency section */
		C2EE62E919849ACC009B6093 /* PBXTargetDependency */ = {
			isa = PBXTargetDependency;
			target = C2EE62BE19849ACC009B6093 /* BlockMemoryChecker */;
			targetProxy = C2EE62E819849ACC009B6093 /* PBXContainerItemProxy */;
		};
/* End PBXTargetDependency section */

/* Begin PBXVariantGroup section */
		C2EE62CB19849ACC009B6093 /* InfoPlist.strings */ = {
			isa = PBXVariantGroup;
			children = (
				C2EE62CC19849ACC009B6093 /* en */,
			);
			name = InfoPlist.strings;
			sourceTree = "<group>";
		};
		C2EE62D419849ACC009B6093 /* Main_iPhone.storyboard */ = {
			isa = PBXVariantGroup;
			children = (
				C2EE62D519849ACC009B6093 /* Base */,
			);
			name = Main_iPhone.storyboard;
			sourceTree = "<group>";
		};
		C2EE62D719849ACC009B6093 /* Main_iPad.storyboard */ = {
			isa = PBXVariantGroup;
			children = (
				C2EE62D819849ACC009B6093 /* Base */,
			);
			name = Main_iPad.storyboard;
			sourceTree = "<group>";
		};
		C2EE62ED19849ACC009B6093 /* InfoPlist.strings */ = {
			isa = PBXVariantGroup;
			children = (
				C2EE62EE19849ACC009B6093 /* en */,
			);
			name = InfoPlist.strings;
			sourceTree = "<group>";
		};
/* End PBXVariantGroup section */

/* Begin XCBuildConfiguration section */
		C2EE62F219849ACC009B6093 /* Debug */ = {
			isa = XCBuildConfiguration;
			buildSettings = {
				ALWAYS_SEARCH_USER_PATHS = NO;
				CLANG_CXX_LANGUAGE_STANDARD = "gnu++0x";
				CLANG_CXX_LIBRARY = "libc++";
				CLANG_ENABLE_MODULES = YES;
				CLANG_ENABLE_OBJC_ARC = YES;
				CLANG_WARN_BOOL_CONVERSION = YES;
				CLANG_WARN_CONSTANT_CONVERSION = YES;
				CLANG_WARN_DIRECT_OBJC_ISA_USAGE = YES_ERROR;
				CLANG_WARN_EMPTY_BODY = YES;
				CLANG_WARN_ENUM_CONVERSION = YES;
				CLANG_WARN_INT_CONVERSION = YES;
				CLANG_WARN_OBJC_ROOT_CLASS = YES_ERROR;
				CLANG_WARN__DUPLICATE_METHOD_MATCH = YES;
				"CODE_SIGN_IDENTITY[sdk=iphoneos*]" = "iPhone Developer";
				COPY_PHASE_STRIP = NO;
				GCC_C_LANGUAGE_STANDARD = gnu99;
				GCC_DYNAMIC_NO_PIC = NO;
				GCC_OPTIMIZATION_LEVEL = 0;
				GCC_PREPROCESSOR_DEFINITIONS = (
					"DEBUG=1",
					"$(inherited)",
				);
				GCC_SYMBOLS_PRIVATE_EXTERN = NO;
				GCC_WARN_64_TO_32_BIT_CONVERSION = YES;
				GCC_WARN_ABOUT_RETURN_TYPE = YES_ERROR;
				GCC_WARN_UNDECLARED_SELECTOR = YES;
				GCC_WARN_UNINITIALIZED_AUTOS = YES_AGGRESSIVE;
				GCC_WARN_UNUSED_FUNCTION = YES;
				GCC_WARN_UNUSED_VARIABLE = YES;
				IPHONEOS_DEPLOYMENT_TARGET = 7.1;
				ONLY_ACTIVE_ARCH = YES;
				SDKROOT = iphoneos;
				TARGETED_DEVICE_FAMILY = "1,2";
			};
			name = Debug;
		};
		C2EE62F319849ACC009B6093 /* Release */ = {
			isa = XCBuildConfiguration;
			buildSettings = {
				ALWAYS_SEARCH_USER_PATHS = NO;
				CLANG_CXX_LANGUAGE_STANDARD = "gnu++0x";
				CLANG_CXX_LIBRARY = "libc++";
				CLANG_ENABLE_MODULES = YES;
				CLANG_ENABLE_OBJC_ARC = YES;
				CLANG_WARN_BOOL_CONVERSION = YES;
				CLANG_WARN_CONSTANT_CONVERSION = YES;
				CLANG_WARN_DIRECT_OBJC_ISA_USAGE = YES_ERROR;
				CLANG_WARN_EMPTY_BODY = YES;
				CLANG_WARN_ENUM_CONVERSION = YES;
				CLANG_WARN_INT_CONVERSION = YES;
				CLANG_WARN_OBJC_ROOT_CLASS = YES_ERROR;
				CLANG_WARN__DUPLICATE_METHOD_MATCH = YES;
				"CODE_SIGN_IDENTITY[sdk=iphoneos*]" = "iPhone Developer";
				COPY_PHASE_STRIP = YES;
				ENABLE_NS_ASSERTIONS = NO;
				GCC_C_LANGUAGE_STANDARD = gnu99;
				GCC_WARN_64_TO_32_BIT_CONVERSION = YES;
				GCC_WARN_ABOUT_RETURN_TYPE = YES_ERROR;
				GCC_WARN_UNDECLARED_SELECTOR = YES;
				GCC_WARN_UNINITIALIZED_AUTOS = YES_AGGRESSIVE;
				GCC_WARN_UNUSED_FUNCTION = YES;
				GCC_WARN_UNUSED_VARIABLE = YES;
				IPHONEOS_DEPLOYMENT_TARGET = 7.1;
				SDKROOT = iphoneos;
				TARGETED_DEVICE_FAMILY = "1,2";
				VALIDATE_PRODUCT = YES;
			};
			name = Release;
		};
		C2EE62F519849ACC009B6093 /* Debug */ = {
			isa = XCBuildConfiguration;
			buildSettings = {
				ASSETCATALOG_COMPILER_APPICON_NAME = AppIcon;
				ASSETCATALOG_COMPILER_LAUNCHIMAGE_NAME = LaunchImage;
				GCC_PRECOMPILE_PREFIX_HEADER = YES;
				GCC_PREFIX_HEADER = "BlockMemoryChecker/BlockMemoryChecker-Prefix.pch";
				INFOPLIST_FILE = "BlockMemoryChecker/BlockMemoryChecker-Info.plist";
				PRODUCT_NAME = "$(TARGET_NAME)";
				WRAPPER_EXTENSION = app;
			};
			name = Debug;
		};
		C2EE62F619849ACC009B6093 /* Release */ = {
			isa = XCBuildConfiguration;
			buildSettings = {
				ASSETCATALOG_COMPILER_APPICON_NAME = AppIcon;
				ASSETCATALOG_COMPILER_LAUNCHIMAGE_NAME = LaunchImage;
				GCC_PRECOMPILE_PREFIX_HEADER = YES;
				GCC_PREFIX_HEADER = "BlockMemoryChecker/BlockMemoryChecker-Prefix.pch";
				INFOPLIST_FILE = "BlockMemoryChecker/BlockMemoryChecker-Info.plist";
				PRODUCT_NAME = "$(TARGET_NAME)";
				WRAPPER_EXTENSION = app;
			};
			name = Release;
		};
		C2EE62F819849ACC009B6093 /* Debug */ = {
			isa = XCBuildConfiguration;
			buildSettings = {
				BUNDLE_LOADER = "$(BUILT_PRODUCTS_DIR)/BlockMemoryChecker.app/BlockMemoryChecker";
				FRAMEWORK_SEARCH_PATHS = (
					"$(SDKROOT)/Developer/Library/Frameworks",
					"$(inherited)",
					"$(DEVELOPER_FRAMEWORKS_DIR)",
				);
				GCC_PRECOMPILE_PREFIX_HEADER = YES;
				GCC_PREFIX_HEADER = "BlockMemoryChecker/BlockMemoryChecker-Prefix.pch";
				GCC_PREPROCESSOR_DEFINITIONS = (
					"DEBUG=1",
					"$(inherited)",
				);
				INFOPLIST_FILE = "BlockMemoryCheckerTests/BlockMemoryCheckerTests-Info.plist";
				PRODUCT_NAME = "$(TARGET_NAME)";
				TEST_HOST = "$(BUNDLE_LOADER)";
				WRAPPER_EXTENSION = xctest;
			};
			name = Debug;
		};
		C2EE62F919849ACC009B6093 /* Release */ = {
			isa = XCBuildConfiguration;
			buildSettings = {
				BUNDLE_LOADER = "$(BUILT_PRODUCTS_DIR)/BlockMemoryChecker.app/BlockMemoryChecker";
				FRAMEWORK_SEARCH_PATHS = (
					"$(SDKROOT)/Developer/Library/Frameworks",
					"$(inherited)",
					"$(DEVELOPER_FRAMEWORKS_DIR)",
				);
				GCC_PRECOMPILE_PREFIX_HEADER = YES;
				GCC_PREFIX_HEADER = "BlockMemoryChecker/BlockMemoryChecker-Prefix.pch";
				INFOPLIST_FILE = "BlockMemoryCheckerTests/BlockMemoryCheckerTests-Info.plist";
				PRODUCT_NAME = "$(TARGET_NAME)";
				TEST_HOST = "$(BUNDLE_LOADER)";
				WRAPPER_EXTENSION = xctest;
			};
			name = Release;
		};
/* End XCBuildConfiguration section */

/* Begin XCConfigurationList section */
		C2EE62BA19849ACC009B6093 /* Build configuration list for PBXProject "BlockMemoryChecker" */ = {
			isa = XCConfigurationList;
			buildConfigurations = (
				C2EE62F219849ACC009B6093 /* Debug */,
				C2EE62F319849ACC009B6093 /* Release */,
			);
			defaultConfigurationIsVisible = 0;
			defaultConfigurationName = Release;
		};
		C2EE62F419849ACC009B6093 /* Build configuration list for PBXNativeTarget "BlockMemoryChecker" */ = {
			isa = XCConfigurationList;
			buildConfigurations = (
				C2EE62F519849ACC009B6093 /* Debug */,
				C2EE62F619849ACC009B6093 /* Release */,
			);
			defaultConfigurationIsVisible = 0;
		};
		C2EE62F719849ACC009B6093 /* Build configuration list for PBXNativeTarget "BlockMemoryCheckerTests" */ = {
			isa = XCConfigurationList;
			buildConfigurations = (
				C2EE62F819849ACC009B6093 /* Debug */,
				C2EE62F919849ACC009B6093 /* Release */,
			);
			defaultConfigurationIsVisible = 0;
		};
/* End XCConfigurationList section */
	};
	rootObject = C2EE62B719849ACC009B6093 /* Project object */;
}
